
Microsoft Visual Studio Solution File, Format Version 12.00
# Visual Studio 14
VisualStudioVersion = 14.0.24720.0
MinimumVisualStudioVersion = 10.0.40219.1
Project("{FAE04EC0-301F-11D3-BF4B-00C04F79EFBC}") = "http", "http\http.csproj", "{A76936B1-A1CE-494C-BF1C-455A9A1BDDAA}"
EndProject
Global
	GlobalSection(SolutionConfigurationPlatforms) = preSolution
		Debug|Any CPU = Debug|Any CPU
		Release|Any CPU = Release|Any CPU
	EndGlobalSection
	GlobalSection(ProjectConfigurationPlatforms) = postSolution
		{A76936B1-A1CE-494C-BF1C-455A9A1BDDAA}.Debug|Any CPU.ActiveCfg = Debug|Any CPU
		{A76936B1-A1CE-494C-BF1C-455A9A1BDDAA}.Debug|Any CPU.Build.0 = Debug|Any CPU
		{A76936B1-A1CE-494C-BF1C-455A9A1BDDAA}.Release|Any CPU.ActiveCfg = Release|Any CPU
		{A76936B1-A1CE-494C-BF1C-455A9A1BDDAA}.Release|Any CPU.Build.0 = Release|Any CPU
	EndGlobalSection
	GlobalSection(SolutionProperties) = preSolution
		HideSolutionNode = FALSE
	EndGlobalSection
EndGlobal
